
Microsoft Visual Studio Solution File, Format Version 11.00
# Visual Studio 2010
Project("{F184B08F-C81C-45F6-A57F-5ABD9991F28F}") = "Mini_Philips", "Mini_Philips\Mini_Philips.vbproj", "{71C3CF0B-1EE4-4484-AA9D-DB176A0BD129}"
EndProject
Project("{54435603-DBB4-11D2-8724-00A0C9A8B90C}") = "Mini_Philips Setup", "Mini_Philips Setup\Mini_Philips Setup.vdproj", "{57861162-4B23-411D-B33E-BCEFF5D643A3}"
EndProject
Global
	GlobalSection(SolutionConfigurationPlatforms) = preSolution
		Debug|x86 = Debug|x86
		Release|x86 = Release|x86
	EndGlobalSection
	GlobalSection(ProjectConfigurationPlatforms) = postSolution
		{71C3CF0B-1EE4-4484-AA9D-DB176A0BD129}.Debug|x86.ActiveCfg = Debug|x86
		{71C3CF0B-1EE4-4484-AA9D-DB176A0BD129}.Debug|x86.Build.0 = Debug|x86
		{71C3CF0B-1EE4-4484-AA9D-DB176A0BD129}.Release|x86.ActiveCfg = Release|x86
		{71C3CF0B-1EE4-4484-AA9D-DB176A0BD129}.Release|x86.Build.0 = Release|x86
		{57861162-4B23-411D-B33E-BCEFF5D643A3}.Debug|x86.ActiveCfg = Debug
		{57861162-4B23-411D-B33E-BCEFF5D643A3}.Release|x86.ActiveCfg = Release
	EndGlobalSection
	GlobalSection(SolutionProperties) = preSolution
		HideSolutionNode = FALSE
	EndGlobalSection
EndGlobal
